Microsoft Visual Studio Solution File, Format Version 12.00
# Visual Studio 2012
Project("{FAE04EC0-301F-11D3-BF4B-00C04F79EFBC}") = "HolyRoyal", "HolyRoyal.csproj", "{D858B950-01DD-41B3-8D28-07B0B0FD1D27}"
EndProject
Global
	GlobalSection(SolutionConfigurationPlatforms) = preSolution
	Debug|Any CPU = Debug|Any CPU
	Release|Any CPU = Release|Any CPU
	Tools|Any CPU = Tools|Any CPU
	EndGlobalSection
	GlobalSection(ProjectConfigurationPlatforms) = postSolution
		{D858B950-01DD-41B3-8D28-07B0B0FD1D27}.Debug|Any CPU.ActiveCfg = Debug|Any CPU
		{D858B950-01DD-41B3-8D28-07B0B0FD1D27}.Debug|Any CPU.Build.0 = Debug|Any CPU
		{D858B950-01DD-41B3-8D28-07B0B0FD1D27}.Release|Any CPU.ActiveCfg = Release|Any CPU
		{D858B950-01DD-41B3-8D28-07B0B0FD1D27}.Release|Any CPU.Build.0 = Release|Any CPU
		{D858B950-01DD-41B3-8D28-07B0B0FD1D27}.Tools|Any CPU.ActiveCfg = Tools|Any CPU
		{D858B950-01DD-41B3-8D28-07B0B0FD1D27}.Tools|Any CPU.Build.0 = Tools|Any CPU
	EndGlobalSection
EndGlobal
